
Microsoft Visual Studio Solution File, Format Version 12.00
Project("{FAE04EC0-301F-11D3-BF4B-00C04F79EFBC}") = "ImagesGet", "ImagesGet\ImagesGet.csproj", "{BDF28574-79F7-49CB-8DB9-BBAFC98F515C}"
EndProject
Global
	GlobalSection(SolutionConfigurationPlatforms) = preSolution
		Debug|Any CPU = Debug|Any CPU
		Release|Any CPU = Release|Any CPU
	EndGlobalSection
	GlobalSection(ProjectConfigurationPlatforms) = postSolution
		{BDF28574-79F7-49CB-8DB9-BBAFC98F515C}.Debug|Any CPU.ActiveCfg = Debug|Any CPU
		{BDF28574-79F7-49CB-8DB9-BBAFC98F515C}.Debug|Any CPU.Build.0 = Debug|Any CPU
		{BDF28574-79F7-49CB-8DB9-BBAFC98F515C}.Release|Any CPU.ActiveCfg = Release|Any CPU
		{BDF28574-79F7-49CB-8DB9-BBAFC98F515C}.Release|Any CPU.Build.0 = Release|Any CPU
	EndGlobalSection
EndGlobal
